
Microsoft Visual Studio Solution File, Format Version 12.00
# Visual Studio 2012
Project("{F184B08F-C81C-45F6-A57F-5ABD9991F28F}") = "Program2", "Program2\Program2.vbproj", "{4172ECB1-7EB1-48D4-AE35-33CAF4AD74E1}"
EndProject
Project("{F184B08F-C81C-45F6-A57F-5ABD9991F28F}") = "Program3", "..\Program3\Program3.vbproj", "{C906B878-EB32-49FF-89A6-3EE36E5E4866}"
EndProject
Project("{F184B08F-C81C-45F6-A57F-5ABD9991F28F}") = "Program4", "..\Program4\Program4.vbproj", "{30F0F1C2-4287-4FF7-B5CB-70CD6FCBB859}"
EndProject
Project("{2150E333-8FDC-42A3-9474-1A3956D46DE8}") = "Program5", "Program5", "{9C30F82B-ECE8-4F2D-9A32-3D18E4711FB5}"
EndProject
Project("{F184B08F-C81C-45F6-A57F-5ABD9991F28F}") = "Program5", "..\Program5\Program5.vbproj", "{3921ABDA-4E5C-4333-88B8-56AD9AE1B3FB}"
EndProject
Project("{2150E333-8FDC-42A3-9474-1A3956D46DE8}") = "Program4", "Program4", "{3C867D0A-C17A-4048-86BF-9E364C0B20F0}"
EndProject
Project("{2150E333-8FDC-42A3-9474-1A3956D46DE8}") = "Program3", "Program3", "{3415C2AE-1D76-4687-B0C9-B103079C349E}"
EndProject
Project("{2150E333-8FDC-42A3-9474-1A3956D46DE8}") = "Program2", "Program2", "{9E6B75E0-403C-461B-BE42-680ED5881F84}"
EndProject
Project("{2150E333-8FDC-42A3-9474-1A3956D46DE8}") = "Program6", "Program6", "{F3F959C9-0855-47EA-B760-D29E457BB8EF}"
EndProject
Project("{F184B08F-C81C-45F6-A57F-5ABD9991F28F}") = "Program6", "..\Program6\Program6.vbproj", "{99A129B0-BE7B-470E-A8D8-F09C4F768CB5}"
EndProject
Project("{2150E333-8FDC-42A3-9474-1A3956D46DE8}") = "Program7", "Program7", "{FF5E924D-207E-4673-BFFD-8489EFC4CC39}"
EndProject
Project("{F184B08F-C81C-45F6-A57F-5ABD9991F28F}") = "Program7", "..\Program7\Program7.vbproj", "{3E3CAC71-7AB0-4AA4-81E1-639D32892418}"
EndProject
Project("{2150E333-8FDC-42A3-9474-1A3956D46DE8}") = "Program8", "Program8", "{6A60DD89-98D9-4601-954E-0F38E03F9898}"
EndProject
Project("{F184B08F-C81C-45F6-A57F-5ABD9991F28F}") = "Program8", "..\Program8\Program8.vbproj", "{61EEAB70-4A7D-4436-A475-D741264104B1}"
EndProject
Project("{F184B08F-C81C-45F6-A57F-5ABD9991F28F}") = "Program9", "..\Program9\Program9.vbproj", "{45166ECE-D622-463F-8B0C-DB5E5D7F151A}"
EndProject
Project("{2150E333-8FDC-42A3-9474-1A3956D46DE8}") = "Program9", "Program9", "{DB793847-4482-4391-8179-4C3473F69EC6}"
EndProject
Global
	GlobalSection(SolutionConfigurationPlatforms) = preSolution
		Debug|Any CPU = Debug|Any CPU
		Release|Any CPU = Release|Any CPU
	EndGlobalSection
	GlobalSection(ProjectConfigurationPlatforms) = postSolution
		{4172ECB1-7EB1-48D4-AE35-33CAF4AD74E1}.Debug|Any CPU.ActiveCfg = Debug|Any CPU
		{4172ECB1-7EB1-48D4-AE35-33CAF4AD74E1}.Debug|Any CPU.Build.0 = Debug|Any CPU
		{4172ECB1-7EB1-48D4-AE35-33CAF4AD74E1}.Release|Any CPU.ActiveCfg = Release|Any CPU
		{4172ECB1-7EB1-48D4-AE35-33CAF4AD74E1}.Release|Any CPU.Build.0 = Release|Any CPU
		{C906B878-EB32-49FF-89A6-3EE36E5E4866}.Debug|Any CPU.ActiveCfg = Debug|Any CPU
		{C906B878-EB32-49FF-89A6-3EE36E5E4866}.Debug|Any CPU.Build.0 = Debug|Any CPU
		{C906B878-EB32-49FF-89A6-3EE36E5E4866}.Release|Any CPU.ActiveCfg = Release|Any CPU
		{C906B878-EB32-49FF-89A6-3EE36E5E4866}.Release|Any CPU.Build.0 = Release|Any CPU
		{30F0F1C2-4287-4FF7-B5CB-70CD6FCBB859}.Debug|Any CPU.ActiveCfg = Debug|Any CPU
		{30F0F1C2-4287-4FF7-B5CB-70CD6FCBB859}.Debug|Any CPU.Build.0 = Debug|Any CPU
		{30F0F1C2-4287-4FF7-B5CB-70CD6FCBB859}.Release|Any CPU.ActiveCfg = Release|Any CPU
		{30F0F1C2-4287-4FF7-B5CB-70CD6FCBB859}.Release|Any CPU.Build.0 = Release|Any CPU
		{3921ABDA-4E5C-4333-88B8-56AD9AE1B3FB}.Debug|Any CPU.ActiveCfg = Debug|Any CPU
		{3921ABDA-4E5C-4333-88B8-56AD9AE1B3FB}.Debug|Any CPU.Build.0 = Debug|Any CPU
		{3921ABDA-4E5C-4333-88B8-56AD9AE1B3FB}.Release|Any CPU.ActiveCfg = Release|Any CPU
		{3921ABDA-4E5C-4333-88B8-56AD9AE1B3FB}.Release|Any CPU.Build.0 = Release|Any CPU
		{99A129B0-BE7B-470E-A8D8-F09C4F768CB5}.Debug|Any CPU.ActiveCfg = Debug|Any CPU
		{99A129B0-BE7B-470E-A8D8-F09C4F768CB5}.Debug|Any CPU.Build.0 = Debug|Any CPU
		{99A129B0-BE7B-470E-A8D8-F09C4F768CB5}.Release|Any CPU.ActiveCfg = Release|Any CPU
		{99A129B0-BE7B-470E-A8D8-F09C4F768CB5}.Release|Any CPU.Build.0 = Release|Any CPU
		{3E3CAC71-7AB0-4AA4-81E1-639D32892418}.Debug|Any CPU.ActiveCfg = Debug|Any CPU
		{3E3CAC71-7AB0-4AA4-81E1-639D32892418}.Debug|Any CPU.Build.0 = Debug|Any CPU
		{3E3CAC71-7AB0-4AA4-81E1-639D32892418}.Release|Any CPU.ActiveCfg = Release|Any CPU
		{3E3CAC71-7AB0-4AA4-81E1-639D32892418}.Release|Any CPU.Build.0 = Release|Any CPU
		{61EEAB70-4A7D-4436-A475-D741264104B1}.Debug|Any CPU.ActiveCfg = Debug|Any CPU
		{61EEAB70-4A7D-4436-A475-D741264104B1}.Debug|Any CPU.Build.0 = Debug|Any CPU
		{61EEAB70-4A7D-4436-A475-D741264104B1}.Release|Any CPU.ActiveCfg = Release|Any CPU
		{61EEAB70-4A7D-4436-A475-D741264104B1}.Release|Any CPU.Build.0 = Release|Any CPU
		{45166ECE-D622-463F-8B0C-DB5E5D7F151A}.Debug|Any CPU.ActiveCfg = Debug|Any CPU
		{45166ECE-D622-463F-8B0C-DB5E5D7F151A}.Debug|Any CPU.Build.0 = Debug|Any CPU
		{45166ECE-D622-463F-8B0C-DB5E5D7F151A}.Release|Any CPU.ActiveCfg = Release|Any CPU
		{45166ECE-D622-463F-8B0C-DB5E5D7F151A}.Release|Any CPU.Build.0 = Release|Any CPU
	EndGlobalSection
	GlobalSection(SolutionProperties) = preSolution
		HideSolutionNode = FALSE
	EndGlobalSection
	GlobalSection(NestedProjects) = preSolution
		{4172ECB1-7EB1-48D4-AE35-33CAF4AD74E1} = {9E6B75E0-403C-461B-BE42-680ED5881F84}
		{C906B878-EB32-49FF-89A6-3EE36E5E4866} = {3415C2AE-1D76-4687-B0C9-B103079C349E}
		{30F0F1C2-4287-4FF7-B5CB-70CD6FCBB859} = {3C867D0A-C17A-4048-86BF-9E364C0B20F0}
		{3921ABDA-4E5C-4333-88B8-56AD9AE1B3FB} = {9C30F82B-ECE8-4F2D-9A32-3D18E4711FB5}
		{99A129B0-BE7B-470E-A8D8-F09C4F768CB5} = {F3F959C9-0855-47EA-B760-D29E457BB8EF}
		{3E3CAC71-7AB0-4AA4-81E1-639D32892418} = {FF5E924D-207E-4673-BFFD-8489EFC4CC39}
		{61EEAB70-4A7D-4436-A475-D741264104B1} = {6A60DD89-98D9-4601-954E-0F38E03F9898}
		{45166ECE-D622-463F-8B0C-DB5E5D7F151A} = {DB793847-4482-4391-8179-4C3473F69EC6}
	EndGlobalSection
EndGlobal
